
Microsoft Visual Studio Solution File, Format Version 12.00
# Visual Studio Version 16
VisualStudioVersion = 16.0.32630.194
MinimumVisualStudioVersion = 10.0.40219.1
Project("{FAE04EC0-301F-11D3-BF4B-00C04F79EFBC}") = "WF1", "WF1.csproj", "{416CE132-C6F7-409F-BB21-F28442D2B914}"
EndProject
Global
	GlobalSection(SolutionConfigurationPlatforms) = preSolution
		Debug|Any CPU = Debug|Any CPU
		Release|Any CPU = Release|Any CPU
	EndGlobalSection
	GlobalSection(ProjectConfigurationPlatforms) = postSolution
		{416CE132-C6F7-409F-BB21-F28442D2B914}.Debug|Any CPU.ActiveCfg = Debug|Any CPU
		{416CE132-C6F7-409F-BB21-F28442D2B914}.Debug|Any CPU.Build.0 = Debug|Any CPU
		{416CE132-C6F7-409F-BB21-F28442D2B914}.Release|Any CPU.ActiveCfg = Release|Any CPU
		{416CE132-C6F7-409F-BB21-F28442D2B914}.Release|Any CPU.Build.0 = Release|Any CPU
	EndGlobalSection
	GlobalSection(SolutionProperties) = preSolution
		HideSolutionNode = FALSE
	EndGlobalSection
	GlobalSection(ExtensibilityGlobals) = postSolution
		SolutionGuid = {31D8F479-6AC6-4071-8706-3DD96456DE7F}
	EndGlobalSection
EndGlobal
